
Microsoft Visual Studio Solution File, Format Version 12.00
# Visual Studio Version 16
VisualStudioVersion = 16.0.29009.5
MinimumVisualStudioVersion = 10.0.40219.1
Project("{F2A71F9B-5D33-465A-A702-920D77279786}") = "Discover", "Discover\Discover.fsproj", "{C277A846-08AE-4674-9EF8-704DF67C7568}"
EndProject
Project("{F2A71F9B-5D33-465A-A702-920D77279786}") = "UnitTests", "UnitTests\UnitTests.fsproj", "{DF68103D-D05A-47EB-877E-42E5B7479C8E}"
EndProject
Project("{F2A71F9B-5D33-465A-A702-920D77279786}") = "TestHarness", "TestHarness\TestHarness.fsproj", "{06C71839-9C6B-49BE-9024-E2307109F88C}"
EndProject
Global
	GlobalSection(SolutionConfigurationPlatforms) = preSolution
		Debug|Any CPU = Debug|Any CPU
		Release|Any CPU = Release|Any CPU
	EndGlobalSection
	GlobalSection(ProjectConfigurationPlatforms) = postSolution
		{C277A846-08AE-4674-9EF8-704DF67C7568}.Debug|Any CPU.ActiveCfg = Debug|Any CPU
		{C277A846-08AE-4674-9EF8-704DF67C7568}.Debug|Any CPU.Build.0 = Debug|Any CPU
		{C277A846-08AE-4674-9EF8-704DF67C7568}.Release|Any CPU.ActiveCfg = Release|Any CPU
		{C277A846-08AE-4674-9EF8-704DF67C7568}.Release|Any CPU.Build.0 = Release|Any CPU
		{DF68103D-D05A-47EB-877E-42E5B7479C8E}.Debug|Any CPU.ActiveCfg = Debug|Any CPU
		{DF68103D-D05A-47EB-877E-42E5B7479C8E}.Debug|Any CPU.Build.0 = Debug|Any CPU
		{DF68103D-D05A-47EB-877E-42E5B7479C8E}.Release|Any CPU.ActiveCfg = Release|Any CPU
		{DF68103D-D05A-47EB-877E-42E5B7479C8E}.Release|Any CPU.Build.0 = Release|Any CPU
		{06C71839-9C6B-49BE-9024-E2307109F88C}.Debug|Any CPU.ActiveCfg = Debug|Any CPU
		{06C71839-9C6B-49BE-9024-E2307109F88C}.Debug|Any CPU.Build.0 = Debug|Any CPU
		{06C71839-9C6B-49BE-9024-E2307109F88C}.Release|Any CPU.ActiveCfg = Release|Any CPU
		{06C71839-9C6B-49BE-9024-E2307109F88C}.Release|Any CPU.Build.0 = Release|Any CPU
	EndGlobalSection
	GlobalSection(SolutionProperties) = preSolution
		HideSolutionNode = FALSE
	EndGlobalSection
	GlobalSection(ExtensibilityGlobals) = postSolution
		SolutionGuid = {82E07A96-AF9E-45CC-BAE1-59347A630DC8}
	EndGlobalSection
EndGlobal
